
Microsoft Visual Studio Solution File, Format Version 12.00
# Visual Studio Version 17
VisualStudioVersion = 17.7.34024.191
MinimumVisualStudioVersion = 10.0.40219.1
Project("{8BC9CEB8-8B4A-11D0-8D11-00A0C91BC942}") = "OPLab21.1", "OPLab21.1\OPLab21.1.vcxproj", "{4AE5F30E-1512-47AE-A31C-570CC79C3EE2}"
EndProject
Project("{8BC9CEB8-8B4A-11D0-8D11-00A0C91BC942}") = "OPLab21.2", "OPLab21.2\OPLab21.2.vcxproj", "{8F79EE31-5B91-4A95-9CEB-47C58C4029AA}"
EndProject
Project("{8BC9CEB8-8B4A-11D0-8D11-00A0C91BC942}") = "OPLab21.3", "OPLab21.3\OPLab21.3.vcxproj", "{C6568E2F-395B-48C5-8F1A-3EBAC0511D85}"
EndProject
Project("{8BC9CEB8-8B4A-11D0-8D11-00A0C91BC942}") = "OPLab21.4", "OPLab21.4\OPLab21.4.vcxproj", "{8BEEDC4E-D557-4A07-A0EB-2BB5558C5BE4}"
EndProject
Global
	GlobalSection(SolutionConfigurationPlatforms) = preSolution
		Debug|x64 = Debug|x64
		Debug|x86 = Debug|x86
		Release|x64 = Release|x64
		Release|x86 = Release|x86
	EndGlobalSection
	GlobalSection(ProjectConfigurationPlatforms) = postSolution
		{4AE5F30E-1512-47AE-A31C-570CC79C3EE2}.Debug|x64.ActiveCfg = Debug|x64
		{4AE5F30E-1512-47AE-A31C-570CC79C3EE2}.Debug|x64.Build.0 = Debug|x64
		{4AE5F30E-1512-47AE-A31C-570CC79C3EE2}.Debug|x86.ActiveCfg = Debug|Win32
		{4AE5F30E-1512-47AE-A31C-570CC79C3EE2}.Debug|x86.Build.0 = Debug|Win32
		{4AE5F30E-1512-47AE-A31C-570CC79C3EE2}.Release|x64.ActiveCfg = Release|x64
		{4AE5F30E-1512-47AE-A31C-570CC79C3EE2}.Release|x64.Build.0 = Release|x64
		{4AE5F30E-1512-47AE-A31C-570CC79C3EE2}.Release|x86.ActiveCfg = Release|Win32
		{4AE5F30E-1512-47AE-A31C-570CC79C3EE2}.Release|x86.Build.0 = Release|Win32
		{8F79EE31-5B91-4A95-9CEB-47C58C4029AA}.Debug|x64.ActiveCfg = Debug|x64
		{8F79EE31-5B91-4A95-9CEB-47C58C4029AA}.Debug|x64.Build.0 = Debug|x64
		{8F79EE31-5B91-4A95-9CEB-47C58C4029AA}.Debug|x86.ActiveCfg = Debug|Win32
		{8F79EE31-5B91-4A95-9CEB-47C58C4029AA}.Debug|x86.Build.0 = Debug|Win32
		{8F79EE31-5B91-4A95-9CEB-47C58C4029AA}.Release|x64.ActiveCfg = Release|x64
		{8F79EE31-5B91-4A95-9CEB-47C58C4029AA}.Release|x64.Build.0 = Release|x64
		{8F79EE31-5B91-4A95-9CEB-47C58C4029AA}.Release|x86.ActiveCfg = Release|Win32
		{8F79EE31-5B91-4A95-9CEB-47C58C4029AA}.Release|x86.Build.0 = Release|Win32
		{C6568E2F-395B-48C5-8F1A-3EBAC0511D85}.Debug|x64.ActiveCfg = Debug|x64
		{C6568E2F-395B-48C5-8F1A-3EBAC0511D85}.Debug|x64.Build.0 = Debug|x64
		{C6568E2F-395B-48C5-8F1A-3EBAC0511D85}.Debug|x86.ActiveCfg = Debug|Win32
		{C6568E2F-395B-48C5-8F1A-3EBAC0511D85}.Debug|x86.Build.0 = Debug|Win32
		{C6568E2F-395B-48C5-8F1A-3EBAC0511D85}.Release|x64.ActiveCfg = Release|x64
		{C6568E2F-395B-48C5-8F1A-3EBAC0511D85}.Release|x64.Build.0 = Release|x64
		{C6568E2F-395B-48C5-8F1A-3EBAC0511D85}.Release|x86.ActiveCfg = Release|Win32
		{C6568E2F-395B-48C5-8F1A-3EBAC0511D85}.Release|x86.Build.0 = Release|Win32
		{8BEEDC4E-D557-4A07-A0EB-2BB5558C5BE4}.Debug|x64.ActiveCfg = Debug|x64
		{8BEEDC4E-D557-4A07-A0EB-2BB5558C5BE4}.Debug|x64.Build.0 = Debug|x64
		{8BEEDC4E-D557-4A07-A0EB-2BB5558C5BE4}.Debug|x86.ActiveCfg = Debug|Win32
		{8BEEDC4E-D557-4A07-A0EB-2BB5558C5BE4}.Debug|x86.Build.0 = Debug|Win32
		{8BEEDC4E-D557-4A07-A0EB-2BB5558C5BE4}.Release|x64.ActiveCfg = Release|x64
		{8BEEDC4E-D557-4A07-A0EB-2BB5558C5BE4}.Release|x64.Build.0 = Release|x64
		{8BEEDC4E-D557-4A07-A0EB-2BB5558C5BE4}.Release|x86.ActiveCfg = Release|Win32
		{8BEEDC4E-D557-4A07-A0EB-2BB5558C5BE4}.Release|x86.Build.0 = Release|Win32
	EndGlobalSection
	GlobalSection(SolutionProperties) = preSolution
		HideSolutionNode = FALSE
	EndGlobalSection
	GlobalSection(ExtensibilityGlobals) = postSolution
		SolutionGuid = {6B00C18A-D3AC-4930-9F3C-70098D4B6F30}
	EndGlobalSection
EndGlobal
